{
  "version": 4,
  "terraform_version": "1.0.9",
  "serial": 35,
  "lineage": "23dfbc0a-09a4-27b6-1763-28002308da64",
  "outputs": {},
  "resources": [
    {
      "mode": "managed",
      "type": "azurerm_network_interface",
      "name": "atividade2netinter",
      "provider": "provider[\"registry.terraform.io/hashicorp/azurerm\"]",
      "instances": [
        {
          "schema_version": 0,
          "attributes": {
            "applied_dns_servers": [],
            "dns_servers": [],
            "enable_accelerated_networking": false,
            "enable_ip_forwarding": false,
            "id": "/subscriptions/70aa581f-0e3e-4fe0-b4b1-645702124db2/resourceGroups/atividade2/providers/Microsoft.Network/networkInterfaces/example-nic",
            "internal_dns_name_label": "",
            "internal_domain_name_suffix": "1ar4hieymy0etnqewjrdh4zcia.dx.internal.cloudapp.net",
            "ip_configuration": [
              {
                "name": "internal",
                "primary": true,
                "private_ip_address": "10.0.1.4",
                "private_ip_address_allocation": "Dynamic",
                "private_ip_address_version": "IPv4",
                "public_ip_address_id": "/subscriptions/70aa581f-0e3e-4fe0-b4b1-645702124db2/resourceGroups/atividade2/providers/Microsoft.Network/publicIPAddresses/acceptanceTestPublicIp1",
                "subnet_id": "/subscriptions/70aa581f-0e3e-4fe0-b4b1-645702124db2/resourceGroups/atividade2/providers/Microsoft.Network/virtualNetworks/virtualNetwork1/subnets/example-subnet"
              }
            ],
            "location": "westus",
            "mac_address": "00-0D-3A-36-4A-3B",
            "name": "example-nic",
            "private_ip_address": "10.0.1.4",
            "private_ip_addresses": [
              "10.0.1.4"
            ],
            "resource_group_name": "atividade2",
            "tags": {},
            "timeouts": null,
            "virtual_machine_id": "/subscriptions/70aa581f-0e3e-4fe0-b4b1-645702124db2/resourceGroups/atividade2/providers/Microsoft.Compute/virtualMachines/atividade2-vm"
          },
          "sensitive_attributes": [],
          "private": "eyJlMmJmYjczMC1lY2FhLTExZTYtOGY4OC0zNDM2M2JjN2M0YzAiOnsiY3JlYXRlIjoxODAwMDAwMDAwMDAwLCJkZWxldGUiOjE4MDAwMDAwMDAwMDAsInJlYWQiOjMwMDAwMDAwMDAwMCwidXBkYXRlIjoxODAwMDAwMDAwMDAwfX0=",
          "dependencies": [
            "azurerm_public_ip.atividade2publicip",
            "azurerm_resource_group.atividade2firmino",
            "azurerm_subnet.atividade2subnetwork",
            "azurerm_virtual_network.atividade2network"
          ]
        }
      ]
    },
    {
      "mode": "managed",
      "type": "azurerm_network_interface_security_group_association",
      "name": "example",
      "provider": "provider[\"registry.terraform.io/hashicorp/azurerm\"]",
      "instances": [
        {
          "schema_version": 0,
          "attributes": {
            "id": "/subscriptions/70aa581f-0e3e-4fe0-b4b1-645702124db2/resourceGroups/atividade2/providers/Microsoft.Network/networkInterfaces/example-nic|/subscriptions/70aa581f-0e3e-4fe0-b4b1-645702124db2/resourceGroups/atividade2/providers/Microsoft.Network/networkSecurityGroups/acceptanceTestSecurityGroup1",
            "network_interface_id": "/subscriptions/70aa581f-0e3e-4fe0-b4b1-645702124db2/resourceGroups/atividade2/providers/Microsoft.Network/networkInterfaces/example-nic",
            "network_security_group_id": "/subscriptions/70aa581f-0e3e-4fe0-b4b1-645702124db2/resourceGroups/atividade2/providers/Microsoft.Network/networkSecurityGroups/acceptanceTestSecurityGroup1",
            "timeouts": null
          },
          "sensitive_attributes": [],
          "private": "eyJlMmJmYjczMC1lY2FhLTExZTYtOGY4OC0zNDM2M2JjN2M0YzAiOnsiY3JlYXRlIjoxODAwMDAwMDAwMDAwLCJkZWxldGUiOjE4MDAwMDAwMDAwMDAsInJlYWQiOjMwMDAwMDAwMDAwMCwidXBkYXRlIjoxODAwMDAwMDAwMDAwfX0=",
          "dependencies": [
            "azurerm_network_interface.atividade2netinter",
            "azurerm_network_security_group.atividade2security",
            "azurerm_public_ip.atividade2publicip",
            "azurerm_resource_group.atividade2firmino",
            "azurerm_subnet.atividade2subnetwork",
            "azurerm_virtual_network.atividade2network"
          ]
        }
      ]
    },
    {
      "mode": "managed",
      "type": "azurerm_network_security_group",
      "name": "atividade2security",
      "provider": "provider[\"registry.terraform.io/hashicorp/azurerm\"]",
      "instances": [
        {
          "schema_version": 0,
          "attributes": {
            "id": "/subscriptions/70aa581f-0e3e-4fe0-b4b1-645702124db2/resourceGroups/atividade2/providers/Microsoft.Network/networkSecurityGroups/acceptanceTestSecurityGroup1",
            "location": "westus",
            "name": "acceptanceTestSecurityGroup1",
            "resource_group_name": "atividade2",
            "security_rule": [
              {
                "access": "Allow",
                "description": "",
                "destination_address_prefix": "*",
                "destination_address_prefixes": [],
                "destination_application_security_group_ids": [],
                "destination_port_range": "3306",
                "destination_port_ranges": [],
                "direction": "Inbound",
                "name": "SSH",
                "priority": 100,
                "protocol": "Tcp",
                "source_address_prefix": "*",
                "source_address_prefixes": [],
                "source_application_security_group_ids": [],
                "source_port_range": "*",
                "source_port_ranges": []
              }
            ],
            "tags": {
              "environment": "Production"
            },
            "timeouts": null
          },
          "sensitive_attributes": [],
          "private": "eyJlMmJmYjczMC1lY2FhLTExZTYtOGY4OC0zNDM2M2JjN2M0YzAiOnsiY3JlYXRlIjoxODAwMDAwMDAwMDAwLCJkZWxldGUiOjE4MDAwMDAwMDAwMDAsInJlYWQiOjMwMDAwMDAwMDAwMCwidXBkYXRlIjoxODAwMDAwMDAwMDAwfX0=",
          "dependencies": [
            "azurerm_resource_group.atividade2firmino"
          ]
        }
      ]
    },
    {
      "mode": "managed",
      "type": "azurerm_public_ip",
      "name": "atividade2publicip",
      "provider": "provider[\"registry.terraform.io/hashicorp/azurerm\"]",
      "instances": [
        {
          "schema_version": 0,
          "attributes": {
            "allocation_method": "Static",
            "availability_zone": "No-Zone",
            "domain_name_label": null,
            "fqdn": null,
            "id": "/subscriptions/70aa581f-0e3e-4fe0-b4b1-645702124db2/resourceGroups/atividade2/providers/Microsoft.Network/publicIPAddresses/acceptanceTestPublicIp1",
            "idle_timeout_in_minutes": 4,
            "ip_address": "104.42.99.70",
            "ip_tags": {},
            "ip_version": "IPv4",
            "location": "westus",
            "name": "acceptanceTestPublicIp1",
            "public_ip_prefix_id": null,
            "resource_group_name": "atividade2",
            "reverse_fqdn": null,
            "sku": "Basic",
            "sku_tier": "Regional",
            "tags": {
              "environment": "Production"
            },
            "timeouts": null,
            "zones": []
          },
          "sensitive_attributes": [],
          "private": "eyJlMmJmYjczMC1lY2FhLTExZTYtOGY4OC0zNDM2M2JjN2M0YzAiOnsiY3JlYXRlIjoxODAwMDAwMDAwMDAwLCJkZWxldGUiOjE4MDAwMDAwMDAwMDAsInJlYWQiOjMwMDAwMDAwMDAwMCwidXBkYXRlIjoxODAwMDAwMDAwMDAwfX0=",
          "dependencies": [
            "azurerm_resource_group.atividade2firmino"
          ]
        }
      ]
    },
    {
      "mode": "managed",
      "type": "azurerm_resource_group",
      "name": "atividade2firmino",
      "provider": "provider[\"registry.terraform.io/hashicorp/azurerm\"]",
      "instances": [
        {
          "schema_version": 0,
          "attributes": {
            "id": "/subscriptions/70aa581f-0e3e-4fe0-b4b1-645702124db2/resourceGroups/atividade2",
            "location": "westus",
            "name": "atividade2",
            "tags": {},
            "timeouts": null
          },
          "sensitive_attributes": [],
          "private": "eyJlMmJmYjczMC1lY2FhLTExZTYtOGY4OC0zNDM2M2JjN2M0YzAiOnsiY3JlYXRlIjo1NDAwMDAwMDAwMDAwLCJkZWxldGUiOjU0MDAwMDAwMDAwMDAsInJlYWQiOjMwMDAwMDAwMDAwMCwidXBkYXRlIjo1NDAwMDAwMDAwMDAwfX0="
        }
      ]
    },
    {
      "mode": "managed",
      "type": "azurerm_subnet",
      "name": "atividade2subnetwork",
      "provider": "provider[\"registry.terraform.io/hashicorp/azurerm\"]",
      "instances": [
        {
          "schema_version": 0,
          "attributes": {
            "address_prefix": "10.0.1.0/24",
            "address_prefixes": [
              "10.0.1.0/24"
            ],
            "delegation": [],
            "enforce_private_link_endpoint_network_policies": false,
            "enforce_private_link_service_network_policies": false,
            "id": "/subscriptions/70aa581f-0e3e-4fe0-b4b1-645702124db2/resourceGroups/atividade2/providers/Microsoft.Network/virtualNetworks/virtualNetwork1/subnets/example-subnet",
            "name": "example-subnet",
            "resource_group_name": "atividade2",
            "service_endpoint_policy_ids": [],
            "service_endpoints": [],
            "timeouts": null,
            "virtual_network_name": "virtualNetwork1"
          },
          "sensitive_attributes": [],
          "private": "eyJlMmJmYjczMC1lY2FhLTExZTYtOGY4OC0zNDM2M2JjN2M0YzAiOnsiY3JlYXRlIjoxODAwMDAwMDAwMDAwLCJkZWxldGUiOjE4MDAwMDAwMDAwMDAsInJlYWQiOjMwMDAwMDAwMDAwMCwidXBkYXRlIjoxODAwMDAwMDAwMDAwfX0=",
          "dependencies": [
            "azurerm_resource_group.atividade2firmino",
            "azurerm_virtual_network.atividade2network"
          ]
        }
      ]
    },
    {
      "mode": "managed",
      "type": "azurerm_virtual_machine",
      "name": "main",
      "provider": "provider[\"registry.terraform.io/hashicorp/azurerm\"]",
      "instances": [
        {
          "schema_version": 0,
          "attributes": {
            "additional_capabilities": [],
            "availability_set_id": null,
            "boot_diagnostics": [],
            "delete_data_disks_on_termination": false,
            "delete_os_disk_on_termination": false,
            "id": "/subscriptions/70aa581f-0e3e-4fe0-b4b1-645702124db2/resourceGroups/atividade2/providers/Microsoft.Compute/virtualMachines/atividade2-vm",
            "identity": [],
            "license_type": null,
            "location": "westus",
            "name": "atividade2-vm",
            "network_interface_ids": [
              "/subscriptions/70aa581f-0e3e-4fe0-b4b1-645702124db2/resourceGroups/atividade2/providers/Microsoft.Network/networkInterfaces/example-nic"
            ],
            "os_profile": [
              {
                "admin_password": "",
                "admin_username": "testadmin",
                "computer_name": "hostname",
                "custom_data": ""
              }
            ],
            "os_profile_linux_config": [
              {
                "disable_password_authentication": false,
                "ssh_keys": []
              }
            ],
            "os_profile_secrets": [],
            "os_profile_windows_config": [],
            "plan": [],
            "primary_network_interface_id": null,
            "proximity_placement_group_id": null,
            "resource_group_name": "atividade2",
            "storage_data_disk": [],
            "storage_image_reference": [
              {
                "id": "",
                "offer": "UbuntuServer",
                "publisher": "Canonical",
                "sku": "16.04-LTS",
                "version": "latest"
              }
            ],
            "storage_os_disk": [
              {
                "caching": "ReadWrite",
                "create_option": "FromImage",
                "disk_size_gb": 30,
                "image_uri": "",
                "managed_disk_id": "/subscriptions/70aa581f-0e3e-4fe0-b4b1-645702124db2/resourceGroups/atividade2/providers/Microsoft.Compute/disks/myosdisk1",
                "managed_disk_type": "Standard_LRS",
                "name": "myosdisk1",
                "os_type": "Linux",
                "vhd_uri": "",
                "write_accelerator_enabled": false
              }
            ],
            "tags": {
              "environment": "staging"
            },
            "timeouts": null,
            "vm_size": "Standard_DS1_v2",
            "zones": []
          },
          "sensitive_attributes": [],
          "private": "eyJlMmJmYjczMC1lY2FhLTExZTYtOGY4OC0zNDM2M2JjN2M0YzAiOnsiY3JlYXRlIjozNjAwMDAwMDAwMDAwLCJkZWxldGUiOjM2MDAwMDAwMDAwMDAsInJlYWQiOjMwMDAwMDAwMDAwMCwidXBkYXRlIjozNjAwMDAwMDAwMDAwfX0=",
          "dependencies": [
            "azurerm_network_interface.atividade2netinter",
            "azurerm_public_ip.atividade2publicip",
            "azurerm_resource_group.atividade2firmino",
            "azurerm_subnet.atividade2subnetwork",
            "azurerm_virtual_network.atividade2network"
          ]
        }
      ]
    },
    {
      "mode": "managed",
      "type": "azurerm_virtual_network",
      "name": "atividade2network",
      "provider": "provider[\"registry.terraform.io/hashicorp/azurerm\"]",
      "instances": [
        {
          "schema_version": 0,
          "attributes": {
            "address_space": [
              "10.0.0.0/16"
            ],
            "bgp_community": "",
            "ddos_protection_plan": [],
            "dns_servers": [
              "10.0.0.4",
              "10.0.0.5"
            ],
            "guid": "a0e323d8-6698-4934-b604-b26233fb2240",
            "id": "/subscriptions/70aa581f-0e3e-4fe0-b4b1-645702124db2/resourceGroups/atividade2/providers/Microsoft.Network/virtualNetworks/virtualNetwork1",
            "location": "westus",
            "name": "virtualNetwork1",
            "resource_group_name": "atividade2",
            "subnet": [
              {
                "address_prefix": "10.0.1.0/24",
                "id": "/subscriptions/70aa581f-0e3e-4fe0-b4b1-645702124db2/resourceGroups/atividade2/providers/Microsoft.Network/virtualNetworks/virtualNetwork1/subnets/example-subnet",
                "name": "example-subnet",
                "security_group": ""
              }
            ],
            "tags": {},
            "timeouts": null,
            "vm_protection_enabled": false
          },
          "sensitive_attributes": [],
          "private": "eyJlMmJmYjczMC1lY2FhLTExZTYtOGY4OC0zNDM2M2JjN2M0YzAiOnsiY3JlYXRlIjoxODAwMDAwMDAwMDAwLCJkZWxldGUiOjE4MDAwMDAwMDAwMDAsInJlYWQiOjMwMDAwMDAwMDAwMCwidXBkYXRlIjoxODAwMDAwMDAwMDAwfX0=",
          "dependencies": [
            "azurerm_resource_group.atividade2firmino"
          ]
        }
      ]
    }
  ]
}
